
Microsoft Visual Studio Solution File, Format Version 12.00
# Visual Studio Version 17
VisualStudioVersion = 17.4.33205.214
MinimumVisualStudioVersion = 10.0.40219.1
Project("{FAE04EC0-301F-11D3-BF4B-00C04F79EFBC}") = "StackAndQueueDataStructure", "StackAndQueueDataStructure\StackAndQueueDataStructure.csproj", "{5F62A365-F224-45A3-AAF2-CBFEDAD547B3}"
EndProject
Global
	GlobalSection(SolutionConfigurationPlatforms) = preSolution
		Debug|Any CPU = Debug|Any CPU
		Release|Any CPU = Release|Any CPU
	EndGlobalSection
	GlobalSection(ProjectConfigurationPlatforms) = postSolution
		{5F62A365-F224-45A3-AAF2-CBFEDAD547B3}.Debug|Any CPU.ActiveCfg = Debug|Any CPU
		{5F62A365-F224-45A3-AAF2-CBFEDAD547B3}.Debug|Any CPU.Build.0 = Debug|Any CPU
		{5F62A365-F224-45A3-AAF2-CBFEDAD547B3}.Release|Any CPU.ActiveCfg = Release|Any CPU
		{5F62A365-F224-45A3-AAF2-CBFEDAD547B3}.Release|Any CPU.Build.0 = Release|Any CPU
	EndGlobalSection
	GlobalSection(SolutionProperties) = preSolution
		HideSolutionNode = FALSE
	EndGlobalSection
	GlobalSection(ExtensibilityGlobals) = postSolution
		SolutionGuid = {DAFBF43C-05CD-44E3-8079-05F51C95057C}
	EndGlobalSection
EndGlobal
